
Microsoft Visual Studio Solution File, Format Version 12.00
# Visual Studio Version 17
VisualStudioVersion = 17.8.34408.163
MinimumVisualStudioVersion = 10.0.40219.1
Project("{9A19103F-16F7-4668-BE54-9A1E7A4F7556}") = "Gold Coins - Problems", "Gold Coins - Problems\Gold Coins - Problems.csproj", "{90E82194-E621-4426-A350-FE4DF9BA0A60}"
EndProject
Global
	GlobalSection(SolutionConfigurationPlatforms) = preSolution
		Debug|Any CPU = Debug|Any CPU
		Release|Any CPU = Release|Any CPU
	EndGlobalSection
	GlobalSection(ProjectConfigurationPlatforms) = postSolution
		{90E82194-E621-4426-A350-FE4DF9BA0A60}.Debug|Any CPU.ActiveCfg = Debug|Any CPU
		{90E82194-E621-4426-A350-FE4DF9BA0A60}.Debug|Any CPU.Build.0 = Debug|Any CPU
		{90E82194-E621-4426-A350-FE4DF9BA0A60}.Release|Any CPU.ActiveCfg = Release|Any CPU
		{90E82194-E621-4426-A350-FE4DF9BA0A60}.Release|Any CPU.Build.0 = Release|Any CPU
	EndGlobalSection
	GlobalSection(SolutionProperties) = preSolution
		HideSolutionNode = FALSE
	EndGlobalSection
	GlobalSection(ExtensibilityGlobals) = postSolution
		SolutionGuid = {445C0C3C-E34B-4881-99EE-3CA41543A4A1}
	EndGlobalSection
EndGlobal
